
Microsoft Visual Studio Solution File, Format Version 12.00
# Visual Studio Version 17
VisualStudioVersion = 17.7.34024.191
MinimumVisualStudioVersion = 10.0.40219.1
Project("{2150E333-8FDC-42A3-9474-1A3956D46DE8}") = "tests", "tests", "{7FA10B25-84B6-4067-95E6-823C5592E2D5}"
EndProject
Project("{2150E333-8FDC-42A3-9474-1A3956D46DE8}") = "src", "src", "{9AE37125-AC51-4142-A404-9F281131646C}"
EndProject
Project("{FAE04EC0-301F-11D3-BF4B-00C04F79EFBC}") = "Codeflix.Catalog.WebApi", "src\Codeflix.Catalog.WebApi\Codeflix.Catalog.WebApi.csproj", "{ED77DB19-30A3-46F0-8E2E-62172B88CCBA}"
EndProject
Project("{9A19103F-16F7-4668-BE54-9A1E7A4F7556}") = "Codeflix.Catalog.UnitTests", "tests\Codeflix.Catalog.UnitTests\Codeflix.Catalog.UnitTests.csproj", "{1AF9C19E-49DB-4BA7-9145-FEBF40111CF6}"
EndProject
Global
	GlobalSection(SolutionConfigurationPlatforms) = preSolution
		Debug|Any CPU = Debug|Any CPU
		Release|Any CPU = Release|Any CPU
	EndGlobalSection
	GlobalSection(ProjectConfigurationPlatforms) = postSolution
		{ED77DB19-30A3-46F0-8E2E-62172B88CCBA}.Debug|Any CPU.ActiveCfg = Debug|Any CPU
		{ED77DB19-30A3-46F0-8E2E-62172B88CCBA}.Debug|Any CPU.Build.0 = Debug|Any CPU
		{ED77DB19-30A3-46F0-8E2E-62172B88CCBA}.Release|Any CPU.ActiveCfg = Release|Any CPU
		{ED77DB19-30A3-46F0-8E2E-62172B88CCBA}.Release|Any CPU.Build.0 = Release|Any CPU
		{1AF9C19E-49DB-4BA7-9145-FEBF40111CF6}.Debug|Any CPU.ActiveCfg = Debug|Any CPU
		{1AF9C19E-49DB-4BA7-9145-FEBF40111CF6}.Debug|Any CPU.Build.0 = Debug|Any CPU
		{1AF9C19E-49DB-4BA7-9145-FEBF40111CF6}.Release|Any CPU.ActiveCfg = Release|Any CPU
		{1AF9C19E-49DB-4BA7-9145-FEBF40111CF6}.Release|Any CPU.Build.0 = Release|Any CPU
	EndGlobalSection
	GlobalSection(SolutionProperties) = preSolution
		HideSolutionNode = FALSE
	EndGlobalSection
	GlobalSection(NestedProjects) = preSolution
		{ED77DB19-30A3-46F0-8E2E-62172B88CCBA} = {9AE37125-AC51-4142-A404-9F281131646C}
		{1AF9C19E-49DB-4BA7-9145-FEBF40111CF6} = {7FA10B25-84B6-4067-95E6-823C5592E2D5}
	EndGlobalSection
	GlobalSection(ExtensibilityGlobals) = postSolution
		SolutionGuid = {DC4A1DD6-886A-4985-9CD4-D223FF4F5959}
	EndGlobalSection
EndGlobal
